# THIS IS AN AUTOGENERATED FILE. DO NOT EDIT THIS FILE DIRECTLY.
# yarn lockfile v1


"@types/core-js@^0.9.35":
  version "0.9.35"
  resolved "http://r.npm.sankuai.com/@types/core-js/download/@types/core-js-0.9.35.tgz#444064e63711cdcc62ea844d27642f6efc2285f2"

de-indent@^1.0.2:
  version "1.0.2"
  resolved "http://r.npm.sankuai.com/de-indent/download/de-indent-1.0.2.tgz#b2038e846dc33baa5796128d0804b455b8c1e21d"

he@^1.1.0:
  version "1.1.1"
  resolved "http://r.npm.sankuai.com/he/download/he-1.1.1.tgz#93410fd21b009735151f8868c2f271f3427e23fd"

typescript@^2.1.6:
  version "2.1.6"
  resolved "http://r.npm.sankuai.com/typescript/download/typescript-2.1.6.tgz#40c7e6e9e5da7961b7718b55505f9cac9487a607"

vue-class-component@^4.4.0:
  version "4.4.0"
  resolved "http://r.npm.sankuai.com/vue-class-component/download/vue-class-component-4.4.0.tgz#cf6081475294eb7236bdf7cf75016803d4d98537"

vue-render-loader@^1.0.0:
  version "1.0.0"
  resolved "https://registry.npmjs.org/vue-render-loader/-/vue-render-loader-1.0.0.tgz#67b35439fc9b81aef9eeae978db1da6a31d6b567"
  dependencies:
    vue-template-compiler "^2.1.10"
    vue-template-es2015-compiler "^1.5.0"

vue-template-compiler@^2.1.10:
  version "2.1.10"
  resolved "https://registry.npmjs.org/vue-template-compiler/-/vue-template-compiler-2.1.10.tgz#cb89643adc395e97435585522e43d0a9b1913257"
  dependencies:
    de-indent "^1.0.2"
    he "^1.1.0"

vue-template-es2015-compiler@^1.5.0:
  version "1.5.0"
  resolved "https://registry.npmjs.org/vue-template-es2015-compiler/-/vue-template-es2015-compiler-1.5.0.tgz#e4f672ab1718a3abf9171a080daefac31be117e1"

vue@^2.1.10:
  version "2.1.10"
  resolved "http://r.npm.sankuai.com/vue/download/vue-2.1.10.tgz#c9235ca48c7925137be5807832ac4e3ac180427b"
