# THIS IS AN AUTOGENERATED FILE. DO NOT EDIT THIS FILE DIRECTLY.
# yarn lockfile v1


de-indent@^1.0.2:
  version "1.0.2"
  resolved "http://r.npm.sankuai.com/de-indent/download/de-indent-1.0.2.tgz#b2038e846dc33baa5796128d0804b455b8c1e21d"

he@^1.1.0:
  version "1.1.1"
  resolved "http://r.npm.sankuai.com/he/download/he-1.1.1.tgz#93410fd21b009735151f8868c2f271f3427e23fd"

typescript@^2.2.2:
  version "2.2.2"
  resolved "http://r.npm.sankuai.com/typescript/download/typescript-2.2.2.tgz#606022508479b55ffa368b58fee963a03dfd7b0c"

vue-class-component@^5.0.1:
  version "5.0.1"
  resolved "http://r.npm.sankuai.com/vue-class-component/download/vue-class-component-5.0.1.tgz#feda06c3da266cee9064e224ba491e089923dce8"

vue-render-loader@^1.1.1:
  version "1.1.1"
  resolved "http://r.npm.sankuai.com/vue-render-loader/download/vue-render-loader-1.1.1.tgz#b3f0d2d94df69fd9b83afd24408ce028a265a1b1"
  dependencies:
    vue-template-compiler "*"
    vue-template-es2015-compiler "*"

vue-template-compiler@*:
  version "2.2.1"
  resolved "http://r.npm.sankuai.com/vue-template-compiler/download/vue-template-compiler-2.2.1.tgz#ca5e43db50dc6e761e3c1296313de33091783511"
  dependencies:
    de-indent "^1.0.2"
    he "^1.1.0"

vue-template-es2015-compiler@*:
  version "1.5.1"
  resolved "http://r.npm.sankuai.com/vue-template-es2015-compiler/download/vue-template-es2015-compiler-1.5.1.tgz#0c36cc57aa3a9ec13e846342cb14a72fcac8bd93"

vue@^2.2.6:
  version "2.2.6"
  resolved "http://r.npm.sankuai.com/vue/download/vue-2.2.6.tgz#451714b394dd6d4eae7b773c40c2034a59621aed"
